
Microsoft Visual Studio Solution File, Format Version 12.00
# Visual Studio 2013
VisualStudioVersion = 12.0.40629.0
MinimumVisualStudioVersion = 10.0.40219.1
Project("{FAE04EC0-301F-11D3-BF4B-00C04F79EFBC}") = "RpcClient", "..\Source\RpcClient\RpcClient.csproj", "{BC4BD037-5BEB-40BE-B46D-5E31E706C549}"
EndProject
Project("{FAE04EC0-301F-11D3-BF4B-00C04F79EFBC}") = "NativeBus", "..\Source\NativeBus\NativeBus.csproj", "{98BF9A10-5A98-4991-9D33-2E0631827FBF}"
EndProject
Project("{FAE04EC0-301F-11D3-BF4B-00C04F79EFBC}") = "Commons", "..\Source\Commons\Commons.csproj", "{263C1110-A4BB-4864-A036-27F86CD72BE9}"
EndProject
Project("{2150E333-8FDC-42A3-9474-1A3956D46DE8}") = "RPC", "RPC", "{036D2760-916B-4422-B517-507F7CAF3EEC}"
EndProject
Project("{FAE04EC0-301F-11D3-BF4B-00C04F79EFBC}") = "RpcServer", "..\Source\RpcServer\RpcServer.csproj", "{9853FB48-20FB-452D-BFFA-5E6EE0000D57}"
EndProject
Global
	GlobalSection(SolutionConfigurationPlatforms) = preSolution
		Debug|Any CPU = Debug|Any CPU
		Release|Any CPU = Release|Any CPU
	EndGlobalSection
	GlobalSection(ProjectConfigurationPlatforms) = postSolution
		{BC4BD037-5BEB-40BE-B46D-5E31E706C549}.Debug|Any CPU.ActiveCfg = Debug|Any CPU
		{BC4BD037-5BEB-40BE-B46D-5E31E706C549}.Debug|Any CPU.Build.0 = Debug|Any CPU
		{BC4BD037-5BEB-40BE-B46D-5E31E706C549}.Release|Any CPU.ActiveCfg = Release|Any CPU
		{BC4BD037-5BEB-40BE-B46D-5E31E706C549}.Release|Any CPU.Build.0 = Release|Any CPU
		{98BF9A10-5A98-4991-9D33-2E0631827FBF}.Debug|Any CPU.ActiveCfg = Debug|Any CPU
		{98BF9A10-5A98-4991-9D33-2E0631827FBF}.Debug|Any CPU.Build.0 = Debug|Any CPU
		{98BF9A10-5A98-4991-9D33-2E0631827FBF}.Release|Any CPU.ActiveCfg = Release|Any CPU
		{98BF9A10-5A98-4991-9D33-2E0631827FBF}.Release|Any CPU.Build.0 = Release|Any CPU
		{263C1110-A4BB-4864-A036-27F86CD72BE9}.Debug|Any CPU.ActiveCfg = Debug|Any CPU
		{263C1110-A4BB-4864-A036-27F86CD72BE9}.Debug|Any CPU.Build.0 = Debug|Any CPU
		{263C1110-A4BB-4864-A036-27F86CD72BE9}.Release|Any CPU.ActiveCfg = Release|Any CPU
		{263C1110-A4BB-4864-A036-27F86CD72BE9}.Release|Any CPU.Build.0 = Release|Any CPU
		{9853FB48-20FB-452D-BFFA-5E6EE0000D57}.Debug|Any CPU.ActiveCfg = Debug|Any CPU
		{9853FB48-20FB-452D-BFFA-5E6EE0000D57}.Debug|Any CPU.Build.0 = Debug|Any CPU
		{9853FB48-20FB-452D-BFFA-5E6EE0000D57}.Release|Any CPU.ActiveCfg = Release|Any CPU
		{9853FB48-20FB-452D-BFFA-5E6EE0000D57}.Release|Any CPU.Build.0 = Release|Any CPU
	EndGlobalSection
	GlobalSection(SolutionProperties) = preSolution
		HideSolutionNode = FALSE
	EndGlobalSection
	GlobalSection(NestedProjects) = preSolution
		{BC4BD037-5BEB-40BE-B46D-5E31E706C549} = {036D2760-916B-4422-B517-507F7CAF3EEC}
		{9853FB48-20FB-452D-BFFA-5E6EE0000D57} = {036D2760-916B-4422-B517-507F7CAF3EEC}
	EndGlobalSection
EndGlobal
